
Microsoft Visual Studio Solution File, Format Version 12.00
# Visual Studio Version 17
VisualStudioVersion = 17.12.35707.178
MinimumVisualStudioVersion = 10.0.40219.1
Project("{FAE04EC0-301F-11D3-BF4B-00C04F79EFBC}") = "LayerFrontEnd", "LayerFrontEnd\LayerFrontEnd.csproj", "{3D33508F-A9F5-4DD4-B8CF-0EFB80F3FEE9}"
EndProject
Project("{FAE04EC0-301F-11D3-BF4B-00C04F79EFBC}") = "LayerData", "LayerData\LayerData.csproj", "{0204D9E3-E86C-4010-9623-27BEA14E4979}"
EndProject
Global
	GlobalSection(SolutionConfigurationPlatforms) = preSolution
		Debug|Any CPU = Debug|Any CPU
		Release|Any CPU = Release|Any CPU
	EndGlobalSection
	GlobalSection(ProjectConfigurationPlatforms) = postSolution
		{3D33508F-A9F5-4DD4-B8CF-0EFB80F3FEE9}.Debug|Any CPU.ActiveCfg = Debug|Any CPU
		{3D33508F-A9F5-4DD4-B8CF-0EFB80F3FEE9}.Debug|Any CPU.Build.0 = Debug|Any CPU
		{3D33508F-A9F5-4DD4-B8CF-0EFB80F3FEE9}.Release|Any CPU.ActiveCfg = Release|Any CPU
		{3D33508F-A9F5-4DD4-B8CF-0EFB80F3FEE9}.Release|Any CPU.Build.0 = Release|Any CPU
		{0204D9E3-E86C-4010-9623-27BEA14E4979}.Debug|Any CPU.ActiveCfg = Debug|Any CPU
		{0204D9E3-E86C-4010-9623-27BEA14E4979}.Debug|Any CPU.Build.0 = Debug|Any CPU
		{0204D9E3-E86C-4010-9623-27BEA14E4979}.Release|Any CPU.ActiveCfg = Release|Any CPU
		{0204D9E3-E86C-4010-9623-27BEA14E4979}.Release|Any CPU.Build.0 = Release|Any CPU
	EndGlobalSection
	GlobalSection(SolutionProperties) = preSolution
		HideSolutionNode = FALSE
	EndGlobalSection
EndGlobal
